
Microsoft Visual Studio Solution File, Format Version 12.00
# Visual Studio Version 17
VisualStudioVersion = 17.7.34024.191
MinimumVisualStudioVersion = 10.0.40219.1
Project("{FAE04EC0-301F-11D3-BF4B-00C04F79EFBC}") = "TaskMgr.Server", "TaskMgr.Server\TaskMgr.Server.csproj", "{2F739D8E-36C9-4836-96FB-1474F1D1922C}"
EndProject
Project("{FAE04EC0-301F-11D3-BF4B-00C04F79EFBC}") = "TaskMgr.Shared", "TaskMgr.Shared\TaskMgr.Shared.csproj", "{C78DBC14-086E-4200-A34E-D3BC2DEA8006}"
EndProject
Project("{FAE04EC0-301F-11D3-BF4B-00C04F79EFBC}") = "TaskMgr.Client", "TaskMgr.Client\TaskMgr.Client.csproj", "{4192E7E0-1C1A-49F9-BFC7-965025E2F111}"
EndProject
Global
	GlobalSection(SolutionConfigurationPlatforms) = preSolution
		Debug|Any CPU = Debug|Any CPU
		Release|Any CPU = Release|Any CPU
	EndGlobalSection
	GlobalSection(ProjectConfigurationPlatforms) = postSolution
		{2F739D8E-36C9-4836-96FB-1474F1D1922C}.Debug|Any CPU.ActiveCfg = Debug|Any CPU
		{2F739D8E-36C9-4836-96FB-1474F1D1922C}.Debug|Any CPU.Build.0 = Debug|Any CPU
		{2F739D8E-36C9-4836-96FB-1474F1D1922C}.Release|Any CPU.ActiveCfg = Release|Any CPU
		{2F739D8E-36C9-4836-96FB-1474F1D1922C}.Release|Any CPU.Build.0 = Release|Any CPU
		{C78DBC14-086E-4200-A34E-D3BC2DEA8006}.Debug|Any CPU.ActiveCfg = Debug|Any CPU
		{C78DBC14-086E-4200-A34E-D3BC2DEA8006}.Debug|Any CPU.Build.0 = Debug|Any CPU
		{C78DBC14-086E-4200-A34E-D3BC2DEA8006}.Release|Any CPU.ActiveCfg = Release|Any CPU
		{C78DBC14-086E-4200-A34E-D3BC2DEA8006}.Release|Any CPU.Build.0 = Release|Any CPU
		{4192E7E0-1C1A-49F9-BFC7-965025E2F111}.Debug|Any CPU.ActiveCfg = Debug|Any CPU
		{4192E7E0-1C1A-49F9-BFC7-965025E2F111}.Debug|Any CPU.Build.0 = Debug|Any CPU
		{4192E7E0-1C1A-49F9-BFC7-965025E2F111}.Release|Any CPU.ActiveCfg = Release|Any CPU
		{4192E7E0-1C1A-49F9-BFC7-965025E2F111}.Release|Any CPU.Build.0 = Release|Any CPU
	EndGlobalSection
	GlobalSection(SolutionProperties) = preSolution
		HideSolutionNode = FALSE
	EndGlobalSection
	GlobalSection(ExtensibilityGlobals) = postSolution
		SolutionGuid = {AD02EACD-0027-4E16-AEC9-6D6F2B442823}
	EndGlobalSection
EndGlobal
